// !$*UTF8*$!
{
	archiveVersion = 1;
	classes = {
	};
	objectVersion = 77;
	objects = {

/* Begin PBXContainerItemProxy section */
		EFDB0A0D2D1858C8006999D3 /* PBXContainerItemProxy */ = {
			isa = PBXContainerItemProxy;
			containerPortal = EFDB09F42D1858C7006999D3 /* Project object */;
			proxyType = 1;
			remoteGlobalIDString = EFDB09FB2D1858C7006999D3;
			remoteInfo = CourseHelper;
		};
		EFDB0A172D1858C8006999D3 /* PBXContainerItemProxy */ = {
			isa = PBXContainerItemProxy;
			containerPortal = EFDB09F42D1858C7006999D3 /* Project object */;
			proxyType = 1;
			remoteGlobalIDString = EFDB09FB2D1858C7006999D3;
			remoteInfo = CourseHelper;
		};
/* End PBXContainerItemProxy section */

/* Begin PBXFileReference section */
		EFDB09FC2D1858C7006999D3 /* CourseHelper.app */ = {isa = PBXFileReference; explicitFileType = wrapper.application; includeInIndex = 0; path = CourseHelper.app; sourceTree = BUILT_PRODUCTS_DIR; };
		EFDB0A0C2D1858C8006999D3 /* CourseHelperTests.xctest */ = {isa = PBXFileReference; explicitFileType = wrapper.cfbundle; includeInIndex = 0; path = CourseHelperTests.xctest; sourceTree = BUILT_PRODUCTS_DIR; };
		EFDB0A162D1858C8006999D3 /* CourseHelperUITests.xctest */ = {isa = PBXFileReference; explicitFileType = wrapper.cfbundle; includeInIndex = 0; path = CourseHelperUITests.xctest; sourceTree = BUILT_PRODUCTS_DIR; };
/* End PBXFileReference section */

/* Begin PBXFileSystemSynchronizedBuildFileExceptionSet section */
		EFBFF26D2D19C2B500C6E152 /* Exceptions for "CourseHelper" folder in "CourseHelper" target */ = {
			isa = PBXFileSystemSynchronizedBuildFileExceptionSet;
			membershipExceptions = (
				Info.plist,
			);
			target = EFDB09FB2D1858C7006999D3 /* CourseHelper */;
		};
/* End PBXFileSystemSynchronizedBuildFileExceptionSet section */

/* Begin PBXFileSystemSynchronizedRootGroup section */
		EFDB09FE2D1858C7006999D3 /* CourseHelper */ = {
			isa = PBXFileSystemSynchronizedRootGroup;
			exceptions = (
				EFBFF26D2D19C2B500C6E152 /* Exceptions for "CourseHelper" folder in "CourseHelper" target */,
			);
			path = CourseHelper;
			sourceTree = "<group>";
		};
		EFDB0A0F2D1858C8006999D3 /* CourseHelperTests */ = {
			isa = PBXFileSystemSynchronizedRootGroup;
			path = CourseHelperTests;
			sourceTree = "<group>";
		};
		EFDB0A192D1858C8006999D3 /* CourseHelperUITests */ = {
			isa = PBXFileSystemSynchronizedRootGroup;
			path = CourseHelperUITests;
			sourceTree = "<group>";
		};
/* End PBXFileSystemSynchronizedRootGroup section */

/* Begin PBXFrameworksBuildPhase section */
		EFDB09F92D1858C7006999D3 /* Frameworks */ = {
			isa = PBXFrameworksBuildPhase;
			buildActionMask = 2147483647;
			files = (
			);
			runOnlyForDeploymentPostprocessing = 0;
		};
		EFDB0A092D1858C8006999D3 /* Frameworks */ = {
			isa = PBXFrameworksBuildPhase;
			buildActionMask = 2147483647;
			files = (
			);
			runOnlyForDeploymentPostprocessing = 0;
		};
		EFDB0A132D1858C8006999D3 /* Frameworks */ = {
			isa = PBXFrameworksBuildPhase;
			buildActionMask = 2147483647;
			files = (
			);
			runOnlyForDeploymentPostprocessing = 0;
		};
/* End PBXFrameworksBuildPhase section */

/* Begin PBXGroup section */
		EFDB09F32D1858C7006999D3 = {
			isa = PBXGroup;
			children = (
				EFDB09FE2D1858C7006999D3 /* CourseHelper */,
				EFDB0A0F2D1858C8006999D3 /* CourseHelperTests */,
				EFDB0A192D1858C8006999D3 /* CourseHelperUITests */,
				EFDB09FD2D1858C7006999D3 /* Products */,
			);
			sourceTree = "<group>";
		};
		EFDB09FD2D1858C7006999D3 /* Products */ = {
			isa = PBXGroup;
			children = (
				EFDB09FC2D1858C7006999D3 /* CourseHelper.app */,
				EFDB0A0C2D1858C8006999D3 /* CourseHelperTests.xctest */,
				EFDB0A162D1858C8006999D3 /* CourseHelperUITests.xctest */,
			);
			name = Products;
			sourceTree = "<group>";
		};
/* End PBXGroup section */

/* Begin PBXNativeTarget section */
		EFDB09FB2D1858C7006999D3 /* CourseHelper */ = {
			isa = PBXNativeTarget;
			buildConfigurationList = EFDB0A202D1858C8006999D3 /* Build configuration list for PBXNativeTarget "CourseHelper" */;
			buildPhases = (
				EFDB09F82D1858C7006999D3 /* Sources */,
				EFDB09F92D1858C7006999D3 /* Frameworks */,
				EFDB09FA2D1858C7006999D3 /* Resources */,
			);
			buildRules = (
			);
			dependencies = (
			);
			fileSystemSynchronizedGroups = (
				EFDB09FE2D1858C7006999D3 /* CourseHelper */,
			);
			name = CourseHelper;
			packageProductDependencies = (
			);
			productName = CourseHelper;
			productReference = EFDB09FC2D1858C7006999D3 /* CourseHelper.app */;
			productType = "com.apple.product-type.application";
		};
		EFDB0A0B2D1858C8006999D3 /* CourseHelperTests */ = {
			isa = PBXNativeTarget;
			buildConfigurationList = EFDB0A232D1858C8006999D3 /* Build configuration list for PBXNativeTarget "CourseHelperTests" */;
			buildPhases = (
				EFDB0A082D1858C8006999D3 /* Sources */,
				EFDB0A092D1858C8006999D3 /* Frameworks */,
				EFDB0A0A2D1858C8006999D3 /* Resources */,
			);
			buildRules = (
			);
			dependencies = (
				EFDB0A0E2D1858C8006999D3 /* PBXTargetDependency */,
			);
			fileSystemSynchronizedGroups = (
				EFDB0A0F2D1858C8006999D3 /* CourseHelperTests */,
			);
			name = CourseHelperTests;
			packageProductDependencies = (
			);
			productName = CourseHelperTests;
			productReference = EFDB0A0C2D1858C8006999D3 /* CourseHelperTests.xctest */;
			productType = "com.apple.product-type.bundle.unit-test";
		};
		EFDB0A152D1858C8006999D3 /* CourseHelperUITests */ = {
			isa = PBXNativeTarget;
			buildConfigurationList = EFDB0A262D1858C8006999D3 /* Build configuration list for PBXNativeTarget "CourseHelperUITests" */;
			buildPhases = (
				EFDB0A122D1858C8006999D3 /* Sources */,
				EFDB0A132D1858C8006999D3 /* Frameworks */,
				EFDB0A142D1858C8006999D3 /* Resources */,
			);
			buildRules = (
			);
			dependencies = (
				EFDB0A182D1858C8006999D3 /* PBXTargetDependency */,
			);
			fileSystemSynchronizedGroups = (
				EFDB0A192D1858C8006999D3 /* CourseHelperUITests */,
			);
			name = CourseHelperUITests;
			packageProductDependencies = (
			);
			productName = CourseHelperUITests;
			productReference = EFDB0A162D1858C8006999D3 /* CourseHelperUITests.xctest */;
			productType = "com.apple.product-type.bundle.ui-testing";
		};
/* End PBXNativeTarget section */

/* Begin PBXProject section */
		EFDB09F42D1858C7006999D3 /* Project object */ = {
			isa = PBXProject;
			attributes = {
				BuildIndependentTargetsInParallel = 1;
				LastSwiftUpdateCheck = 1620;
				LastUpgradeCheck = 1620;
				TargetAttributes = {
					EFDB09FB2D1858C7006999D3 = {
						CreatedOnToolsVersion = 16.2;
					};
					EFDB0A0B2D1858C8006999D3 = {
						CreatedOnToolsVersion = 16.2;
						TestTargetID = EFDB09FB2D1858C7006999D3;
					};
					EFDB0A152D1858C8006999D3 = {
						CreatedOnToolsVersion = 16.2;
						TestTargetID = EFDB09FB2D1858C7006999D3;
					};
				};
			};
			buildConfigurationList = EFDB09F72D1858C7006999D3 /* Build configuration list for PBXProject "CourseHelper" */;
			developmentRegion = en;
			hasScannedForEncodings = 0;
			knownRegions = (
				en,
				Base,
			);
			mainGroup = EFDB09F32D1858C7006999D3;
			minimizedProjectReferenceProxies = 1;
			preferredProjectObjectVersion = 77;
			productRefGroup = EFDB09FD2D1858C7006999D3 /* Products */;
			projectDirPath = "";
			projectRoot = "";
			targets = (
				EFDB09FB2D1858C7006999D3 /* CourseHelper */,
				EFDB0A0B2D1858C8006999D3 /* CourseHelperTests */,
				EFDB0A152D1858C8006999D3 /* CourseHelperUITests */,
			);
		};
/* End PBXProject section */

/* Begin PBXResourcesBuildPhase section */
		EFDB09FA2D1858C7006999D3 /* Resources */ = {
			isa = PBXResourcesBuildPhase;
			buildActionMask = 2147483647;
			files = (
			);
			runOnlyForDeploymentPostprocessing = 0;
		};
		EFDB0A0A2D1858C8006999D3 /* Resources */ = {
			isa = PBXResourcesBuildPhase;
			buildActionMask = 2147483647;
			files = (
			);
			runOnlyForDeploymentPostprocessing = 0;
		};
		EFDB0A142D1858C8006999D3 /* Resources */ = {
			isa = PBXResourcesBuildPhase;
			buildActionMask = 2147483647;
			files = (
			);
			runOnlyForDeploymentPostprocessing = 0;
		};
/* End PBXResourcesBuildPhase section */

/* Begin PBXSourcesBuildPhase section */
		EFDB09F82D1858C7006999D3 /* Sources */ = {
			isa = PBXSourcesBuildPhase;
			buildActionMask = 2147483647;
			files = (
			);
			runOnlyForDeploymentPostprocessing = 0;
		};
		EFDB0A082D1858C8006999D3 /* Sources */ = {
			isa = PBXSourcesBuildPhase;
			buildActionMask = 2147483647;
			files = (
			);
			runOnlyForDeploymentPostprocessing = 0;
		};
		EFDB0A122D1858C8006999D3 /* Sources */ = {
			isa = PBXSourcesBuildPhase;
			buildActionMask = 2147483647;
			files = (
			);
			runOnlyForDeploymentPostprocessing = 0;
		};
/* End PBXSourcesBuildPhase section */

/* Begin PBXTargetDependency section */
		EFDB0A0E2D1858C8006999D3 /* PBXTargetDependency */ = {
			isa = PBXTargetDependency;
			target = EFDB09FB2D1858C7006999D3 /* CourseHelper */;
			targetProxy = EFDB0A0D2D1858C8006999D3 /* PBXContainerItemProxy */;
		};
		EFDB0A182D1858C8006999D3 /* PBXTargetDependency */ = {
			isa = PBXTargetDependency;
			target = EFDB09FB2D1858C7006999D3 /* CourseHelper */;
			targetProxy = EFDB0A172D1858C8006999D3 /* PBXContainerItemProxy */;
		};
/* End PBXTargetDependency section */

/* Begin XCBuildConfiguration section */
		EFDB0A1E2D1858C8006999D3 /* Debug */ = {
			isa = XCBuildConfiguration;
			buildSettings = {
				ALWAYS_SEARCH_USER_PATHS = NO;
				ASSETCATALOG_COMPILER_GENERATE_SWIFT_ASSET_SYMBOL_EXTENSIONS = YES;
				CLANG_ANALYZER_NONNULL = YES;
				CLANG_ANALYZER_NUMBER_OBJECT_CONVERSION = YES_AGGRESSIVE;
				CLANG_CXX_LANGUAGE_STANDARD = "gnu++20";
				CLANG_ENABLE_MODULES = YES;
				CLANG_ENABLE_OBJC_ARC = YES;
				CLANG_ENABLE_OBJC_WEAK = YES;
				CLANG_WARN_BLOCK_CAPTURE_AUTORELEASING = YES;
				CLANG_WARN_BOOL_CONVERSION = YES;
				CLANG_WARN_COMMA = YES;
				CLANG_WARN_CONSTANT_CONVERSION = YES;
				CLANG_WARN_DEPRECATED_OBJC_IMPLEMENTATIONS = YES;
				CLANG_WARN_DIRECT_OBJC_ISA_USAGE = YES_ERROR;
				CLANG_WARN_DOCUMENTATION_COMMENTS = YES;
				CLANG_WARN_EMPTY_BODY = YES;
				CLANG_WARN_ENUM_CONVERSION = YES;
				CLANG_WARN_INFINITE_RECURSION = YES;
				CLANG_WARN_INT_CONVERSION = YES;
				CLANG_WARN_NON_LITERAL_NULL_CONVERSION = YES;
				CLANG_WARN_OBJC_IMPLICIT_RETAIN_SELF = YES;
				CLANG_WARN_OBJC_LITERAL_CONVERSION = YES;
				CLANG_WARN_OBJC_ROOT_CLASS = YES_ERROR;
				CLANG_WARN_QUOTED_INCLUDE_IN_FRAMEWORK_HEADER = YES;
				CLANG_WARN_RANGE_LOOP_ANALYSIS = YES;
				CLANG_WARN_STRICT_PROTOTYPES = YES;
				CLANG_WARN_SUSPICIOUS_MOVE = YES;
				CLANG_WARN_UNGUARDED_AVAILABILITY = YES_AGGRESSIVE;
				CLANG_WARN_UNREACHABLE_CODE = YES;
				CLANG_WARN__DUPLICATE_METHOD_MATCH = YES;
				COPY_PHASE_STRIP = NO;
				DEBUG_INFORMATION_FORMAT = dwarf;
				ENABLE_STRICT_OBJC_MSGSEND = YES;
				ENABLE_TESTABILITY = YES;
				ENABLE_USER_SCRIPT_SANDBOXING = YES;
				GCC_C_LANGUAGE_STANDARD = gnu17;
				GCC_DYNAMIC_NO_PIC = NO;
				GCC_NO_COMMON_BLOCKS = YES;
				GCC_OPTIMIZATION_LEVEL = 0;
				GCC_PREPROCESSOR_DEFINITIONS = (
					"DEBUG=1",
					"$(inherited)",
				);
				GCC_WARN_64_TO_32_BIT_CONVERSION = YES;
				GCC_WARN_ABOUT_RETURN_TYPE = YES_ERROR;
				GCC_WARN_UNDECLARED_SELECTOR = YES;
				GCC_WARN_UNINITIALIZED_AUTOS = YES_AGGRESSIVE;
				GCC_WARN_UNUSED_FUNCTION = YES;
				GCC_WARN_UNUSED_VARIABLE = YES;
				INFOPLIST_KEY_NSCalendarsUsageDescription = "Add Courses to Calendars";
				IPHONEOS_DEPLOYMENT_TARGET = 15.6;
				LOCALIZATION_PREFERS_STRING_CATALOGS = YES;
				MTL_ENABLE_DEBUG_INFO = INCLUDE_SOURCE;
				MTL_FAST_MATH = YES;
				ONLY_ACTIVE_ARCH = YES;
				SDKROOT = iphoneos;
				SWIFT_ACTIVE_COMPILATION_CONDITIONS = "DEBUG $(inherited)";
				SWIFT_OPTIMIZATION_LEVEL = "-Onone";
			};
			name = Debug;
		};
		EFDB0A1F2D1858C8006999D3 /* Release */ = {
			isa = XCBuildConfiguration;
			buildSettings = {
				ALWAYS_SEARCH_USER_PATHS = NO;
				ASSETCATALOG_COMPILER_GENERATE_SWIFT_ASSET_SYMBOL_EXTENSIONS = YES;
				CLANG_ANALYZER_NONNULL = YES;
				CLANG_ANALYZER_NUMBER_OBJECT_CONVERSION = YES_AGGRESSIVE;
				CLANG_CXX_LANGUAGE_STANDARD = "gnu++20";
				CLANG_ENABLE_MODULES = YES;
				CLANG_ENABLE_OBJC_ARC = YES;
				CLANG_ENABLE_OBJC_WEAK = YES;
				CLANG_WARN_BLOCK_CAPTURE_AUTORELEASING = YES;
				CLANG_WARN_BOOL_CONVERSION = YES;
				CLANG_WARN_COMMA = YES;
				CLANG_WARN_CONSTANT_CONVERSION = YES;
				CLANG_WARN_DEPRECATED_OBJC_IMPLEMENTATIONS = YES;
				CLANG_WARN_DIRECT_OBJC_ISA_USAGE = YES_ERROR;
				CLANG_WARN_DOCUMENTATION_COMMENTS = YES;
				CLANG_WARN_EMPTY_BODY = YES;
				CLANG_WARN_ENUM_CONVERSION = YES;
				CLANG_WARN_INFINITE_RECURSION = YES;
				CLANG_WARN_INT_CONVERSION = YES;
				CLANG_WARN_NON_LITERAL_NULL_CONVERSION = YES;
				CLANG_WARN_OBJC_IMPLICIT_RETAIN_SELF = YES;
				CLANG_WARN_OBJC_LITERAL_CONVERSION = YES;
				CLANG_WARN_OBJC_ROOT_CLASS = YES_ERROR;
				CLANG_WARN_QUOTED_INCLUDE_IN_FRAMEWORK_HEADER = YES;
				CLANG_WARN_RANGE_LOOP_ANALYSIS = YES;
				CLANG_WARN_STRICT_PROTOTYPES = YES;
				CLANG_WARN_SUSPICIOUS_MOVE = YES;
				CLANG_WARN_UNGUARDED_AVAILABILITY = YES_AGGRESSIVE;
				CLANG_WARN_UNREACHABLE_CODE = YES;
				CLANG_WARN__DUPLICATE_METHOD_MATCH = YES;
				COPY_PHASE_STRIP = NO;
				DEBUG_INFORMATION_FORMAT = "dwarf-with-dsym";
				ENABLE_NS_ASSERTIONS = NO;
				ENABLE_STRICT_OBJC_MSGSEND = YES;
				ENABLE_USER_SCRIPT_SANDBOXING = YES;
				GCC_C_LANGUAGE_STANDARD = gnu17;
				GCC_NO_COMMON_BLOCKS = YES;
				GCC_WARN_64_TO_32_BIT_CONVERSION = YES;
				GCC_WARN_ABOUT_RETURN_TYPE = YES_ERROR;
				GCC_WARN_UNDECLARED_SELECTOR = YES;
				GCC_WARN_UNINITIALIZED_AUTOS = YES_AGGRESSIVE;
				GCC_WARN_UNUSED_FUNCTION = YES;
				GCC_WARN_UNUSED_VARIABLE = YES;
				INFOPLIST_KEY_NSCalendarsUsageDescription = "Add Courses to Calendars";
				IPHONEOS_DEPLOYMENT_TARGET = 15.6;
				LOCALIZATION_PREFERS_STRING_CATALOGS = YES;
				MTL_ENABLE_DEBUG_INFO = NO;
				MTL_FAST_MATH = YES;
				SDKROOT = iphoneos;
				SWIFT_COMPILATION_MODE = wholemodule;
				VALIDATE_PRODUCT = YES;
			};
			name = Release;
		};
		EFDB0A212D1858C8006999D3 /* Debug */ = {
			isa = XCBuildConfiguration;
			buildSettings = {
				ASSETCATALOG_COMPILER_APPICON_NAME = AppIcon;
				ASSETCATALOG_COMPILER_GLOBAL_ACCENT_COLOR_NAME = AccentColor;
				ASSETCATALOG_COMPILER_INCLUDE_ALL_APPICON_ASSETS = NO;
				CODE_SIGN_STYLE = Automatic;
				CURRENT_PROJECT_VERSION = 1.0.0.111;
				DEVELOPMENT_ASSET_PATHS = "\"CourseHelper/Preview Content\"";
				DEVELOPMENT_TEAM = LE5RP3BZSX;
				ENABLE_PREVIEWS = YES;
				GENERATE_INFOPLIST_FILE = YES;
				INFOPLIST_FILE = CourseHelper/Info.plist;
				INFOPLIST_KEY_LSApplicationCategoryType = "public.app-category.education";
				INFOPLIST_KEY_NSCalendarsUsageDescription = "Add Courses to Calendars";
				INFOPLIST_KEY_UIApplicationSceneManifest_Generation = YES;
				INFOPLIST_KEY_UIApplicationSupportsIndirectInputEvents = YES;
				INFOPLIST_KEY_UILaunchScreen_Generation = YES;
				INFOPLIST_KEY_UISupportedInterfaceOrientations_iPad = "UIInterfaceOrientationPortrait UIInterfaceOrientationPortraitUpsideDown UIInterfaceOrientationLandscapeLeft UIInterfaceOrientationLandscapeRight";
				INFOPLIST_KEY_UISupportedInterfaceOrientations_iPhone = "UIInterfaceOrientationPortrait UIInterfaceOrientationLandscapeLeft UIInterfaceOrientationLandscapeRight";
				IPHONEOS_DEPLOYMENT_TARGET = 15;
				LD_RUNPATH_SEARCH_PATHS = (
					"$(inherited)",
					"@executable_path/Frameworks",
				);
				MARKETING_VERSION = 1.0.0;
				PRODUCT_BUNDLE_IDENTIFIER = cn.tututec.CourseHelper;
				PRODUCT_NAME = "$(TARGET_NAME)";
				SWIFT_EMIT_LOC_STRINGS = YES;
				SWIFT_VERSION = 5.0;
				TARGETED_DEVICE_FAMILY = "1,2";
			};
			name = Debug;
		};
		EFDB0A222D1858C8006999D3 /* Release */ = {
			isa = XCBuildConfiguration;
			buildSettings = {
				ASSETCATALOG_COMPILER_APPICON_NAME = AppIcon;
				ASSETCATALOG_COMPILER_GLOBAL_ACCENT_COLOR_NAME = AccentColor;
				ASSETCATALOG_COMPILER_INCLUDE_ALL_APPICON_ASSETS = NO;
				CODE_SIGN_STYLE = Automatic;
				CURRENT_PROJECT_VERSION = 1.0.0.111;
				DEVELOPMENT_ASSET_PATHS = "\"CourseHelper/Preview Content\"";
				DEVELOPMENT_TEAM = LE5RP3BZSX;
				ENABLE_PREVIEWS = YES;
				GENERATE_INFOPLIST_FILE = YES;
				INFOPLIST_FILE = CourseHelper/Info.plist;
				INFOPLIST_KEY_LSApplicationCategoryType = "public.app-category.education";
				INFOPLIST_KEY_NSCalendarsUsageDescription = "Add Courses to Calendars";
				INFOPLIST_KEY_UIApplicationSceneManifest_Generation = YES;
				INFOPLIST_KEY_UIApplicationSupportsIndirectInputEvents = YES;
				INFOPLIST_KEY_UILaunchScreen_Generation = YES;
				INFOPLIST_KEY_UISupportedInterfaceOrientations_iPad = "UIInterfaceOrientationPortrait UIInterfaceOrientationPortraitUpsideDown UIInterfaceOrientationLandscapeLeft UIInterfaceOrientationLandscapeRight";
				INFOPLIST_KEY_UISupportedInterfaceOrientations_iPhone = "UIInterfaceOrientationPortrait UIInterfaceOrientationLandscapeLeft UIInterfaceOrientationLandscapeRight";
				IPHONEOS_DEPLOYMENT_TARGET = 15;
				LD_RUNPATH_SEARCH_PATHS = (
					"$(inherited)",
					"@executable_path/Frameworks",
				);
				MARKETING_VERSION = 1.0.0;
				PRODUCT_BUNDLE_IDENTIFIER = cn.tututec.CourseHelper;
				PRODUCT_NAME = "$(TARGET_NAME)";
				SWIFT_EMIT_LOC_STRINGS = YES;
				SWIFT_VERSION = 5.0;
				TARGETED_DEVICE_FAMILY = "1,2";
			};
			name = Release;
		};
		EFDB0A242D1858C8006999D3 /* Debug */ = {
			isa = XCBuildConfiguration;
			buildSettings = {
				BUNDLE_LOADER = "$(TEST_HOST)";
				CODE_SIGN_STYLE = Automatic;
				CURRENT_PROJECT_VERSION = 1;
				DEVELOPMENT_TEAM = LE5RP3BZSX;
				GENERATE_INFOPLIST_FILE = YES;
				IPHONEOS_DEPLOYMENT_TARGET = 18.2;
				MARKETING_VERSION = 1.0;
				PRODUCT_BUNDLE_IDENTIFIER = cn.tututec.CourseHelperTests;
				PRODUCT_NAME = "$(TARGET_NAME)";
				SWIFT_EMIT_LOC_STRINGS = NO;
				SWIFT_VERSION = 5.0;
				TARGETED_DEVICE_FAMILY = "1,2";
				TEST_HOST = "$(BUILT_PRODUCTS_DIR)/CourseHelper.app/$(BUNDLE_EXECUTABLE_FOLDER_PATH)/CourseHelper";
			};
			name = Debug;
		};
		EFDB0A252D1858C8006999D3 /* Release */ = {
			isa = XCBuildConfiguration;
			buildSettings = {
				BUNDLE_LOADER = "$(TEST_HOST)";
				CODE_SIGN_STYLE = Automatic;
				CURRENT_PROJECT_VERSION = 1;
				DEVELOPMENT_TEAM = LE5RP3BZSX;
				GENERATE_INFOPLIST_FILE = YES;
				IPHONEOS_DEPLOYMENT_TARGET = 18.2;
				MARKETING_VERSION = 1.0;
				PRODUCT_BUNDLE_IDENTIFIER = cn.tututec.CourseHelperTests;
				PRODUCT_NAME = "$(TARGET_NAME)";
				SWIFT_EMIT_LOC_STRINGS = NO;
				SWIFT_VERSION = 5.0;
				TARGETED_DEVICE_FAMILY = "1,2";
				TEST_HOST = "$(BUILT_PRODUCTS_DIR)/CourseHelper.app/$(BUNDLE_EXECUTABLE_FOLDER_PATH)/CourseHelper";
			};
			name = Release;
		};
		EFDB0A272D1858C8006999D3 /* Debug */ = {
			isa = XCBuildConfiguration;
			buildSettings = {
				CODE_SIGN_STYLE = Automatic;
				CURRENT_PROJECT_VERSION = 1;
				DEVELOPMENT_TEAM = LE5RP3BZSX;
				GENERATE_INFOPLIST_FILE = YES;
				MARKETING_VERSION = 1.0;
				PRODUCT_BUNDLE_IDENTIFIER = cn.tututec.CourseHelperUITests;
				PRODUCT_NAME = "$(TARGET_NAME)";
				SWIFT_EMIT_LOC_STRINGS = NO;
				SWIFT_VERSION = 5.0;
				TARGETED_DEVICE_FAMILY = "1,2";
				TEST_TARGET_NAME = CourseHelper;
			};
			name = Debug;
		};
		EFDB0A282D1858C8006999D3 /* Release */ = {
			isa = XCBuildConfiguration;
			buildSettings = {
				CODE_SIGN_STYLE = Automatic;
				CURRENT_PROJECT_VERSION = 1;
				DEVELOPMENT_TEAM = LE5RP3BZSX;
				GENERATE_INFOPLIST_FILE = YES;
				MARKETING_VERSION = 1.0;
				PRODUCT_BUNDLE_IDENTIFIER = cn.tututec.CourseHelperUITests;
				PRODUCT_NAME = "$(TARGET_NAME)";
				SWIFT_EMIT_LOC_STRINGS = NO;
				SWIFT_VERSION = 5.0;
				TARGETED_DEVICE_FAMILY = "1,2";
				TEST_TARGET_NAME = CourseHelper;
			};
			name = Release;
		};
/* End XCBuildConfiguration section */

/* Begin XCConfigurationList section */
		EFDB09F72D1858C7006999D3 /* Build configuration list for PBXProject "CourseHelper" */ = {
			isa = XCConfigurationList;
			buildConfigurations = (
				EFDB0A1E2D1858C8006999D3 /* Debug */,
				EFDB0A1F2D1858C8006999D3 /* Release */,
			);
			defaultConfigurationIsVisible = 0;
			defaultConfigurationName = Release;
		};
		EFDB0A202D1858C8006999D3 /* Build configuration list for PBXNativeTarget "CourseHelper" */ = {
			isa = XCConfigurationList;
			buildConfigurations = (
				EFDB0A212D1858C8006999D3 /* Debug */,
				EFDB0A222D1858C8006999D3 /* Release */,
			);
			defaultConfigurationIsVisible = 0;
			defaultConfigurationName = Release;
		};
		EFDB0A232D1858C8006999D3 /* Build configuration list for PBXNativeTarget "CourseHelperTests" */ = {
			isa = XCConfigurationList;
			buildConfigurations = (
				EFDB0A242D1858C8006999D3 /* Debug */,
				EFDB0A252D1858C8006999D3 /* Release */,
			);
			defaultConfigurationIsVisible = 0;
			defaultConfigurationName = Release;
		};
		EFDB0A262D1858C8006999D3 /* Build configuration list for PBXNativeTarget "CourseHelperUITests" */ = {
			isa = XCConfigurationList;
			buildConfigurations = (
				EFDB0A272D1858C8006999D3 /* Debug */,
				EFDB0A282D1858C8006999D3 /* Release */,
			);
			defaultConfigurationIsVisible = 0;
			defaultConfigurationName = Release;
		};
/* End XCConfigurationList section */
	};
	rootObject = EFDB09F42D1858C7006999D3 /* Project object */;
}
